{
  "nodes": {
    "brew-src": {
      "flake": false,
      "locked": {
        "lastModified": 1753461463,
        "narHash": "sha256-kGc7pRH0diLzKmOHsEFA8sZ9NJpgT+tqxAMsuqNd5Po=",
        "owner": "Homebrew",
        "repo": "brew",
        "rev": "4d14be89e99a45181c18e96a5f19a5b43343cc0f",
        "type": "github"
      },
      "original": {
        "owner": "Homebrew",
        "ref": "4.5.13",
        "repo": "brew",
        "type": "github"
      }
    },
    "homebrew-bundle": {
      "flake": false,
      "locked": {
        "lastModified": 1745335228,
        "narHash": "sha256-TIKR2UgtyUmHLNZp255/vLs+1I10hXe+sciMEbAGFwE=",
        "owner": "homebrew",
        "repo": "homebrew-bundle",
        "rev": "a3265c84b232e13048ecbf6fc18a2eedfadbeb08",
        "type": "github"
      },
      "original": {
        "owner": "homebrew",
        "repo": "homebrew-bundle",
        "type": "github"
      }
    },
    "homebrew-cask": {
      "flake": false,
      "locked": {
        "lastModified": 1754630512,
        "narHash": "sha256-8JTFeDXK8zG+6tmGlG0aO6kJLkSCQR3ulOt6WzVqUQw=",
        "owner": "homebrew",
        "repo": "homebrew-cask",
        "rev": "0bbb87ed7ed8b023f54f741e49311ade89d934eb",
        "type": "github"
      },
      "original": {
        "owner": "homebrew",
        "repo": "homebrew-cask",
        "type": "github"
      }
    },
    "homebrew-core": {
      "flake": false,
      "locked": {
        "lastModified": 1754628069,
        "narHash": "sha256-SrqOaZF+eFrgtIkN8Q8JuAzQ8eooJTGDnPOd5ppTpxo=",
        "owner": "homebrew",
        "repo": "homebrew-core",
        "rev": "de550a4cc30fc76254d2f3c726e72e3516165795",
        "type": "github"
      },
      "original": {
        "owner": "homebrew",
        "repo": "homebrew-core",
        "type": "github"
      }
    },
    "nix-darwin": {
      "inputs": {
        "nixpkgs": [
          "nixpkgs"
        ]
      },
      "locked": {
        "lastModified": 1751313918,
        "narHash": "sha256-HsJM3XLa43WpG+665aGEh8iS8AfEwOIQWk3Mke3e7nk=",
        "owner": "LnL7",
        "repo": "nix-darwin",
        "rev": "e04a388232d9a6ba56967ce5b53a8a6f713cdfcf",
        "type": "github"
      },
      "original": {
        "owner": "LnL7",
        "repo": "nix-darwin",
        "type": "github"
      }
    },
    "nix-homebrew": {
      "inputs": {
        "brew-src": "brew-src"
      },
      "locked": {
        "lastModified": 1754250993,
        "narHash": "sha256-MEin+qoQKtFC1b0f4tnQ+Z82BQWSCgh6Ef7rpmH9gig=",
        "owner": "zhaofengli-wip",
        "repo": "nix-homebrew",
        "rev": "314d057294e79bc2596972126b84c6f9f144499a",
        "type": "github"
      },
      "original": {
        "owner": "zhaofengli-wip",
        "repo": "nix-homebrew",
        "type": "github"
      }
    },
    "nixpkgs": {
      "locked": {
        "lastModified": 1754393734,
        "narHash": "sha256-fbnmAwTQkuXHKBlcL5Nq1sMAzd3GFqCOQgEQw6Hy0Ak=",
        "owner": "NixOS",
        "repo": "nixpkgs",
        "rev": "a683adc19ff5228af548c6539dbc3440509bfed3",
        "type": "github"
      },
      "original": {
        "owner": "NixOS",
        "ref": "nixpkgs-unstable",
        "repo": "nixpkgs",
        "type": "github"
      }
    },
    "root": {
      "inputs": {
        "homebrew-bundle": "homebrew-bundle",
        "homebrew-cask": "homebrew-cask",
        "homebrew-core": "homebrew-core",
        "nix-darwin": "nix-darwin",
        "nix-homebrew": "nix-homebrew",
        "nixpkgs": "nixpkgs",
        "sandstorm-tap": "sandstorm-tap"
      }
    },
    "sandstorm-tap": {
      "flake": false,
      "locked": {
        "lastModified": 1734981718,
        "narHash": "sha256-uvGwTMjcQOFUF4w0iI5wupLxYxBrST1YFbcjknNxAJ4=",
        "owner": "sandstorm",
        "repo": "homebrew-tap",
        "rev": "047c3d62a69eaae8f40b09334f146e13fe683fe3",
        "type": "github"
      },
      "original": {
        "owner": "sandstorm",
        "repo": "homebrew-tap",
        "type": "github"
      }
    }
  },
  "root": "root",
  "version": 7
}
